{
  "nodes": {
    "flake-compat": {
      "flake": false,
      "locked": {
        "lastModified": 1767039857,
        "narHash": "sha256-vNpUSpF5Nuw8xvDLj2KCwwksIbjua2LZCqhV1LNRDns=",
        "owner": "edolstra",
        "repo": "flake-compat",
        "rev": "5edf11c44bc78a0d334f6334cdaf7d60d732daab",
        "type": "github"
      },
      "original": {
        "owner": "edolstra",
        "repo": "flake-compat",
        "type": "github"
      }
    },
    "flake-utils": {
      "inputs": {
        "systems": "systems"
      },
      "locked": {
        "lastModified": 1731533236,
        "narHash": "sha256-l0KFg5HjrsfsO/JpG+r7fRrqm12kzFHyUHqHCVpMMbI=",
        "owner": "numtide",
        "repo": "flake-utils",
        "rev": "11707dc2f618dd54ca8739b309ec4fc024de578b",
        "type": "github"
      },
      "original": {
        "owner": "numtide",
        "repo": "flake-utils",
        "type": "github"
      }
    },
    "ghc-tcplugin-api": {
      "flake": false,
      "locked": {
        "lastModified": 1768388673,
        "narHash": "sha256-3RriTela4iwbvHhF3UigmBOfxJv0+YQGAlXQbnXsX74=",
        "owner": "sheaf",
        "repo": "ghc-tcplugin-api",
        "rev": "c583750b5899846cb455f3fe2d58b3ba9bc910d0",
        "type": "github"
      },
      "original": {
        "owner": "sheaf",
        "repo": "ghc-tcplugin-api",
        "type": "github"
      }
    },
    "ghc-typelits-extra": {
      "flake": false,
      "locked": {
        "lastModified": 1773994244,
        "narHash": "sha256-BPOTj6Dqv2Nt+C47MCayXzItXRf3HC4f2kV7lnAjAEY=",
        "owner": "clash-lang",
        "repo": "ghc-typelits-extra",
        "rev": "1d38c49f456406937c5e9e3b3e382af6ccbff0e1",
        "type": "github"
      },
      "original": {
        "owner": "clash-lang",
        "repo": "ghc-typelits-extra",
        "type": "github"
      }
    },
    "ghc-typelits-knownnat": {
      "flake": false,
      "locked": {
        "lastModified": 1774000279,
        "narHash": "sha256-41mjxMsWHXmAS2bxYVsE3OOav3sWnwPbpP56aRDVUNU=",
        "owner": "clash-lang",
        "repo": "ghc-typelits-knownnat",
        "rev": "21fb8294266484b2e267f3850f5437e87d8b241f",
        "type": "github"
      },
      "original": {
        "owner": "clash-lang",
        "repo": "ghc-typelits-knownnat",
        "type": "github"
      }
    },
    "ghc-typelits-natnormalise": {
      "flake": false,
      "locked": {
        "lastModified": 1773940027,
        "narHash": "sha256-MGdoDIOWAHk9IERWtGQhxB5AlBAVbmtCUouKJUv122g=",
        "owner": "clash-lang",
        "repo": "ghc-typelits-natnormalise",
        "rev": "5adf333887f5f9f00e47f69368a2b5e9705c9cbc",
        "type": "github"
      },
      "original": {
        "owner": "clash-lang",
        "repo": "ghc-typelits-natnormalise",
        "type": "github"
      }
    },
    "nixpkgs": {
      "locked": {
        "lastModified": 1773628058,
        "narHash": "sha256-hpXH0z3K9xv0fHaje136KY872VT2T5uwxtezlAskQgY=",
        "owner": "NixOS",
        "repo": "nixpkgs",
        "rev": "f8573b9c935cfaa162dd62cc9e75ae2db86f85df",
        "type": "github"
      },
      "original": {
        "owner": "NixOS",
        "ref": "nixpkgs-unstable",
        "repo": "nixpkgs",
        "type": "github"
      }
    },
    "root": {
      "inputs": {
        "flake-compat": "flake-compat",
        "flake-utils": "flake-utils",
        "ghc-tcplugin-api": "ghc-tcplugin-api",
        "ghc-typelits-extra": "ghc-typelits-extra",
        "ghc-typelits-knownnat": "ghc-typelits-knownnat",
        "ghc-typelits-natnormalise": "ghc-typelits-natnormalise",
        "nixpkgs": "nixpkgs"
      }
    },
    "systems": {
      "locked": {
        "lastModified": 1681028828,
        "narHash": "sha256-Vy1rq5AaRuLzOxct8nz4T6wlgyUR7zLU309k9mBC768=",
        "owner": "nix-systems",
        "repo": "default",
        "rev": "da67096a3b9bf56a91d16901293e51ba5b49a27e",
        "type": "github"
      },
      "original": {
        "owner": "nix-systems",
        "repo": "default",
        "type": "github"
      }
    }
  },
  "root": "root",
  "version": 7
}
