{
  "nodes": {
    "flake-compat": {
      "flake": false,
      "locked": {
        "lastModified": 1673956053,
        "narHash": "sha256-4gtG9iQuiKITOjNQQeQIpoIB6b16fm+504Ch3sNKLd8=",
        "owner": "edolstra",
        "repo": "flake-compat",
        "rev": "35bb57c0c8d8b62bbfd284272c928ceb64ddbde9",
        "type": "github"
      },
      "original": {
        "owner": "edolstra",
        "repo": "flake-compat",
        "type": "github"
      }
    },
    "flake-utils": {
      "inputs": {
        "systems": "systems"
      },
      "locked": {
        "lastModified": 1681202837,
        "narHash": "sha256-H+Rh19JDwRtpVPAWp64F+rlEtxUWBAQW28eAi3SRSzg=",
        "owner": "numtide",
        "repo": "flake-utils",
        "rev": "cfacdce06f30d2b68473a46042957675eebb3401",
        "type": "github"
      },
      "original": {
        "owner": "numtide",
        "repo": "flake-utils",
        "type": "github"
      }
    },
    "ghc-tcplugins-extra": {
      "flake": false,
      "locked": {
        "lastModified": 1676923737,
        "narHash": "sha256-DFVr8yioVhuvPdLZbBUTXZZiYIBM1sy+6uFpVOZE7GA=",
        "owner": "clash-lang",
        "repo": "ghc-tcplugins-extra",
        "rev": "c2007b347c9cff4637709907010d309f68401f2a",
        "type": "github"
      },
      "original": {
        "owner": "clash-lang",
        "repo": "ghc-tcplugins-extra",
        "type": "github"
      }
    },
    "ghc-typelits-extra": {
      "flake": false,
      "locked": {
        "lastModified": 1676929195,
        "narHash": "sha256-WzFofC0C0d5DDk9928URozxq9eTPTM0woMbDf+nfMyQ=",
        "owner": "clash-lang",
        "repo": "ghc-typelits-extra",
        "rev": "d4a66e64944b7ab84d18450f2c9130a36e2c5917",
        "type": "github"
      },
      "original": {
        "owner": "clash-lang",
        "repo": "ghc-typelits-extra",
        "type": "github"
      }
    },
    "ghc-typelits-knownnat": {
      "flake": false,
      "locked": {
        "lastModified": 1676927967,
        "narHash": "sha256-juaNJVyuPFSCaexapRdFfazp53PzkMkUtFbQ0gzcI2A=",
        "owner": "clash-lang",
        "repo": "ghc-typelits-knownnat",
        "rev": "0cf1cc089db84431ecb54b5bfc6171375f1f6ec4",
        "type": "github"
      },
      "original": {
        "owner": "clash-lang",
        "repo": "ghc-typelits-knownnat",
        "type": "github"
      }
    },
    "ghc-typelits-natnormalise": {
      "flake": false,
      "locked": {
        "lastModified": 1676926908,
        "narHash": "sha256-CLcTV4IRFREdhAnURb+IQA0ZrIoa8k4Bi/hWrV44bKI=",
        "owner": "clash-lang",
        "repo": "ghc-typelits-natnormalise",
        "rev": "f089f6bd91af2038cdc5b60f28d10bc8d1079a23",
        "type": "github"
      },
      "original": {
        "owner": "clash-lang",
        "repo": "ghc-typelits-natnormalise",
        "type": "github"
      }
    },
    "nixpkgs": {
      "locked": {
        "lastModified": 1684556264,
        "narHash": "sha256-a5usTtIciLT3/A8DPe6CR2BzmX5dm2SgvLpGNpAhn9I=",
        "owner": "NixOS",
        "repo": "nixpkgs",
        "rev": "7a288f777a58a0a962bdf5e03b7308f7f02fa149",
        "type": "github"
      },
      "original": {
        "owner": "NixOS",
        "ref": "nixpkgs-unstable",
        "repo": "nixpkgs",
        "type": "github"
      }
    },
    "root": {
      "inputs": {
        "flake-compat": "flake-compat",
        "flake-utils": "flake-utils",
        "ghc-tcplugins-extra": "ghc-tcplugins-extra",
        "ghc-typelits-extra": "ghc-typelits-extra",
        "ghc-typelits-knownnat": "ghc-typelits-knownnat",
        "ghc-typelits-natnormalise": "ghc-typelits-natnormalise",
        "nixpkgs": "nixpkgs"
      }
    },
    "systems": {
      "locked": {
        "lastModified": 1681028828,
        "narHash": "sha256-Vy1rq5AaRuLzOxct8nz4T6wlgyUR7zLU309k9mBC768=",
        "owner": "nix-systems",
        "repo": "default",
        "rev": "da67096a3b9bf56a91d16901293e51ba5b49a27e",
        "type": "github"
      },
      "original": {
        "owner": "nix-systems",
        "repo": "default",
        "type": "github"
      }
    }
  },
  "root": "root",
  "version": 7
}
