{
  "nodes": {
    "flake-compat": {
      "flake": false,
      "locked": {
        "lastModified": 1767039857,
        "narHash": "sha256-vNpUSpF5Nuw8xvDLj2KCwwksIbjua2LZCqhV1LNRDns=",
        "owner": "edolstra",
        "repo": "flake-compat",
        "rev": "5edf11c44bc78a0d334f6334cdaf7d60d732daab",
        "type": "github"
      },
      "original": {
        "owner": "edolstra",
        "repo": "flake-compat",
        "type": "github"
      }
    },
    "flake-utils": {
      "inputs": {
        "systems": "systems"
      },
      "locked": {
        "lastModified": 1731533236,
        "narHash": "sha256-l0KFg5HjrsfsO/JpG+r7fRrqm12kzFHyUHqHCVpMMbI=",
        "owner": "numtide",
        "repo": "flake-utils",
        "rev": "11707dc2f618dd54ca8739b309ec4fc024de578b",
        "type": "github"
      },
      "original": {
        "owner": "numtide",
        "repo": "flake-utils",
        "type": "github"
      }
    },
    "ghc-tcplugin-api": {
      "flake": false,
      "locked": {
        "lastModified": 1768388673,
        "narHash": "sha256-3RriTela4iwbvHhF3UigmBOfxJv0+YQGAlXQbnXsX74=",
        "owner": "sheaf",
        "repo": "ghc-tcplugin-api",
        "rev": "c583750b5899846cb455f3fe2d58b3ba9bc910d0",
        "type": "github"
      },
      "original": {
        "owner": "sheaf",
        "repo": "ghc-tcplugin-api",
        "type": "github"
      }
    },
    "ghc-typelits-extra": {
      "flake": false,
      "locked": {
        "lastModified": 1771523951,
        "narHash": "sha256-PYo+L7NLEbZBzfAXRM2A7T9xQ4+sacsNg4EQf/l6ViA=",
        "owner": "clash-lang",
        "repo": "ghc-typelits-extra",
        "rev": "b2d36dd15a5e94e98923ee42ffee42d4307e67f9",
        "type": "github"
      },
      "original": {
        "owner": "clash-lang",
        "repo": "ghc-typelits-extra",
        "type": "github"
      }
    },
    "ghc-typelits-knownnat": {
      "flake": false,
      "locked": {
        "lastModified": 1770720963,
        "narHash": "sha256-WEg/zHixGjX/63QuSJGky6wFLhTr9aBl+atfch0W/EI=",
        "owner": "clash-lang",
        "repo": "ghc-typelits-knownnat",
        "rev": "dd44df6872232a62bfb6488f3fd9509d966b3e4e",
        "type": "github"
      },
      "original": {
        "owner": "clash-lang",
        "repo": "ghc-typelits-knownnat",
        "type": "github"
      }
    },
    "ghc-typelits-natnormalise": {
      "flake": false,
      "locked": {
        "lastModified": 1770930420,
        "narHash": "sha256-WvW2LTdcRw9Q+JShbufoFU+L3U5jQR11VTFb9MSM3Bc=",
        "owner": "clash-lang",
        "repo": "ghc-typelits-natnormalise",
        "rev": "c12c1b4405f466af4972ddc8f516c528c4f3ebc7",
        "type": "github"
      },
      "original": {
        "owner": "clash-lang",
        "repo": "ghc-typelits-natnormalise",
        "type": "github"
      }
    },
    "nixpkgs": {
      "locked": {
        "lastModified": 1771207753,
        "narHash": "sha256-b9uG8yN50DRQ6A7JdZBfzq718ryYrlmGgqkRm9OOwCE=",
        "owner": "NixOS",
        "repo": "nixpkgs",
        "rev": "d1c15b7d5806069da59e819999d70e1cec0760bf",
        "type": "github"
      },
      "original": {
        "owner": "NixOS",
        "ref": "nixpkgs-unstable",
        "repo": "nixpkgs",
        "type": "github"
      }
    },
    "root": {
      "inputs": {
        "flake-compat": "flake-compat",
        "flake-utils": "flake-utils",
        "ghc-tcplugin-api": "ghc-tcplugin-api",
        "ghc-typelits-extra": "ghc-typelits-extra",
        "ghc-typelits-knownnat": "ghc-typelits-knownnat",
        "ghc-typelits-natnormalise": "ghc-typelits-natnormalise",
        "nixpkgs": "nixpkgs"
      }
    },
    "systems": {
      "locked": {
        "lastModified": 1681028828,
        "narHash": "sha256-Vy1rq5AaRuLzOxct8nz4T6wlgyUR7zLU309k9mBC768=",
        "owner": "nix-systems",
        "repo": "default",
        "rev": "da67096a3b9bf56a91d16901293e51ba5b49a27e",
        "type": "github"
      },
      "original": {
        "owner": "nix-systems",
        "repo": "default",
        "type": "github"
      }
    }
  },
  "root": "root",
  "version": 7
}
